
Microsoft Visual Studio Solution File, Format Version 12.00
# Visual Studio Version 17
VisualStudioVersion = 17.6.33815.320
MinimumVisualStudioVersion = 10.0.40219.1
Project("{9A19103F-16F7-4668-BE54-9A1E7A4F7556}") = "ExtraSpells", "ExtraSpells.csproj", "{8B433BB1-AE01-4D5F-A949-962A7552A40F}"
EndProject
Global
	GlobalSection(SolutionConfigurationPlatforms) = preSolution
		Debug|Any CPU = Debug|Any CPU
		Release|Any CPU = Release|Any CPU
	EndGlobalSection
	GlobalSection(ProjectConfigurationPlatforms) = postSolution
		{8B433BB1-AE01-4D5F-A949-962A7552A40F}.Debug|Any CPU.ActiveCfg = Debug|Any CPU
		{8B433BB1-AE01-4D5F-A949-962A7552A40F}.Debug|Any CPU.Build.0 = Debug|Any CPU
		{8B433BB1-AE01-4D5F-A949-962A7552A40F}.Release|Any CPU.ActiveCfg = Release|Any CPU
		{8B433BB1-AE01-4D5F-A949-962A7552A40F}.Release|Any CPU.Build.0 = Release|Any CPU
	EndGlobalSection
	GlobalSection(SolutionProperties) = preSolution
		HideSolutionNode = FALSE
	EndGlobalSection
	GlobalSection(ExtensibilityGlobals) = postSolution
		SolutionGuid = {B92580C4-1E4C-4BF7-9C2E-D2159734E88F}
	EndGlobalSection
EndGlobal
